
Microsoft Visual Studio Solution File, Format Version 12.00
# Visual Studio Version 17
VisualStudioVersion = 17.3.32811.315
MinimumVisualStudioVersion = 10.0.40219.1
Project("{FAE04EC0-301F-11D3-BF4B-00C04F79EFBC}") = "Task10", "Task10\Task10.csproj", "{C6B985CF-2E02-44DD-AB6A-E9EB9AD53521}"
EndProject
Project("{FAE04EC0-301F-11D3-BF4B-00C04F79EFBC}") = "Task13", "Task13\Task13.csproj", "{2E41B913-A7D0-4A6E-A440-75AB4D257CF8}"
EndProject
Project("{FAE04EC0-301F-11D3-BF4B-00C04F79EFBC}") = "Task15", "Task15\Task15.csproj", "{F6B108CE-9020-4FCA-83F9-8B1E7CB77285}"
EndProject
Global
	GlobalSection(SolutionConfigurationPlatforms) = preSolution
		Debug|Any CPU = Debug|Any CPU
		Release|Any CPU = Release|Any CPU
	EndGlobalSection
	GlobalSection(ProjectConfigurationPlatforms) = postSolution
		{C6B985CF-2E02-44DD-AB6A-E9EB9AD53521}.Debug|Any CPU.ActiveCfg = Debug|Any CPU
		{C6B985CF-2E02-44DD-AB6A-E9EB9AD53521}.Debug|Any CPU.Build.0 = Debug|Any CPU
		{C6B985CF-2E02-44DD-AB6A-E9EB9AD53521}.Release|Any CPU.ActiveCfg = Release|Any CPU
		{C6B985CF-2E02-44DD-AB6A-E9EB9AD53521}.Release|Any CPU.Build.0 = Release|Any CPU
		{2E41B913-A7D0-4A6E-A440-75AB4D257CF8}.Debug|Any CPU.ActiveCfg = Debug|Any CPU
		{2E41B913-A7D0-4A6E-A440-75AB4D257CF8}.Debug|Any CPU.Build.0 = Debug|Any CPU
		{2E41B913-A7D0-4A6E-A440-75AB4D257CF8}.Release|Any CPU.ActiveCfg = Release|Any CPU
		{2E41B913-A7D0-4A6E-A440-75AB4D257CF8}.Release|Any CPU.Build.0 = Release|Any CPU
		{F6B108CE-9020-4FCA-83F9-8B1E7CB77285}.Debug|Any CPU.ActiveCfg = Debug|Any CPU
		{F6B108CE-9020-4FCA-83F9-8B1E7CB77285}.Debug|Any CPU.Build.0 = Debug|Any CPU
		{F6B108CE-9020-4FCA-83F9-8B1E7CB77285}.Release|Any CPU.ActiveCfg = Release|Any CPU
		{F6B108CE-9020-4FCA-83F9-8B1E7CB77285}.Release|Any CPU.Build.0 = Release|Any CPU
	EndGlobalSection
	GlobalSection(SolutionProperties) = preSolution
		HideSolutionNode = FALSE
	EndGlobalSection
	GlobalSection(ExtensibilityGlobals) = postSolution
		SolutionGuid = {F24D0D91-98C0-4CE7-AC34-15A0252697C3}
	EndGlobalSection
EndGlobal
